{
  "object": {
    "pins": [
      {
        "package": "CocoaLumberjack",
        "repositoryURL": "https://github.com/CocoaLumberjack/CocoaLumberjack",
        "state": {
          "branch": null,
          "revision": "24deac32cdf5040297ab957dfd938b1a30d4b49e",
          "version": "3.6.2"
        }
      },
      {
        "package": "Sentry",
        "repositoryURL": "https://github.com/getsentry/sentry-cocoa",
        "state": {
          "branch": null,
          "revision": "80928b7e19a713fea798ba45c8bfda38096d7f30",
          "version": "5.2.2"
        }
      }
    ]
  },
  "version": 1
}
